
Microsoft Visual Studio Solution File, Format Version 12.00
Project("{FAE04EC0-301F-11D3-BF4B-00C04F79EFBC}") = "NativeBackendApp", "NativeBackend.csproj", "{529D7B6D-6345-4E62-AF5A-CAF899D33978}"
EndProject
Global
	GlobalSection(SolutionConfigurationPlatforms) = preSolution
		Debug|Any CPU = Debug|Any CPU
		Release|Any CPU = Release|Any CPU
	EndGlobalSection
	GlobalSection(ProjectConfigurationPlatforms) = postSolution
		{529D7B6D-6345-4E62-AF5A-CAF899D33978}.Debug|Any CPU.ActiveCfg = Debug|Any CPU
		{529D7B6D-6345-4E62-AF5A-CAF899D33978}.Debug|Any CPU.Build.0 = Debug|Any CPU
		{529D7B6D-6345-4E62-AF5A-CAF899D33978}.Release|Any CPU.ActiveCfg = Release|Any CPU
		{529D7B6D-6345-4E62-AF5A-CAF899D33978}.Release|Any CPU.Build.0 = Release|Any CPU
	EndGlobalSection
EndGlobal
